
Microsoft Visual Studio Solution File, Format Version 12.00
# Visual Studio Version 17
VisualStudioVersion = 17.8.34525.116
MinimumVisualStudioVersion = 10.0.40219.1
Project("{9A19103F-16F7-4668-BE54-9A1E7A4F7556}") = "Backend", "Backend\Backend.csproj", "{98C94E7B-EFBA-4D06-AEEA-7ABC3B6C618A}"
EndProject
Project("{9A19103F-16F7-4668-BE54-9A1E7A4F7556}") = "ClientCommunicationLayer", "CommunicationLayer\ClientCommunicationLayer.csproj", "{08BE4D09-325C-467D-8994-16D65FD18945}"
EndProject
Project("{9A19103F-16F7-4668-BE54-9A1E7A4F7556}") = "Core", "Core\Core.csproj", "{B97C7430-C0F7-40A7-B0DF-A2C72AD1907F}"
EndProject
Project("{FAE04EC0-301F-11D3-BF4B-00C04F79EFBC}") = "ClientApplicationTest", "ClientApplicationTest\ClientApplicationTest.csproj", "{6D8CFFA4-B1C4-4AD8-9760-4498937C4A85}"
EndProject
Project("{2150E333-8FDC-42A3-9474-1A3956D46DE8}") = "Server", "Server", "{DD69D960-8644-4FD5-9A0B-2373F65CF359}"
EndProject
Project("{2150E333-8FDC-42A3-9474-1A3956D46DE8}") = "Client", "Client", "{47505C63-0A43-43D5-8BB0-5AEDC8F6843A}"
EndProject
Global
	GlobalSection(SolutionConfigurationPlatforms) = preSolution
		Debug|Any CPU = Debug|Any CPU
		Release|Any CPU = Release|Any CPU
	EndGlobalSection
	GlobalSection(ProjectConfigurationPlatforms) = postSolution
		{98C94E7B-EFBA-4D06-AEEA-7ABC3B6C618A}.Debug|Any CPU.ActiveCfg = Debug|Any CPU
		{98C94E7B-EFBA-4D06-AEEA-7ABC3B6C618A}.Debug|Any CPU.Build.0 = Debug|Any CPU
		{98C94E7B-EFBA-4D06-AEEA-7ABC3B6C618A}.Release|Any CPU.ActiveCfg = Release|Any CPU
		{98C94E7B-EFBA-4D06-AEEA-7ABC3B6C618A}.Release|Any CPU.Build.0 = Release|Any CPU
		{08BE4D09-325C-467D-8994-16D65FD18945}.Debug|Any CPU.ActiveCfg = Debug|Any CPU
		{08BE4D09-325C-467D-8994-16D65FD18945}.Debug|Any CPU.Build.0 = Debug|Any CPU
		{08BE4D09-325C-467D-8994-16D65FD18945}.Release|Any CPU.ActiveCfg = Release|Any CPU
		{08BE4D09-325C-467D-8994-16D65FD18945}.Release|Any CPU.Build.0 = Release|Any CPU
		{B97C7430-C0F7-40A7-B0DF-A2C72AD1907F}.Debug|Any CPU.ActiveCfg = Debug|Any CPU
		{B97C7430-C0F7-40A7-B0DF-A2C72AD1907F}.Debug|Any CPU.Build.0 = Debug|Any CPU
		{B97C7430-C0F7-40A7-B0DF-A2C72AD1907F}.Release|Any CPU.ActiveCfg = Release|Any CPU
		{B97C7430-C0F7-40A7-B0DF-A2C72AD1907F}.Release|Any CPU.Build.0 = Release|Any CPU
		{6D8CFFA4-B1C4-4AD8-9760-4498937C4A85}.Debug|Any CPU.ActiveCfg = Debug|Any CPU
		{6D8CFFA4-B1C4-4AD8-9760-4498937C4A85}.Debug|Any CPU.Build.0 = Debug|Any CPU
		{6D8CFFA4-B1C4-4AD8-9760-4498937C4A85}.Release|Any CPU.ActiveCfg = Release|Any CPU
		{6D8CFFA4-B1C4-4AD8-9760-4498937C4A85}.Release|Any CPU.Build.0 = Release|Any CPU
	EndGlobalSection
	GlobalSection(SolutionProperties) = preSolution
		HideSolutionNode = FALSE
	EndGlobalSection
	GlobalSection(NestedProjects) = preSolution
		{98C94E7B-EFBA-4D06-AEEA-7ABC3B6C618A} = {DD69D960-8644-4FD5-9A0B-2373F65CF359}
		{08BE4D09-325C-467D-8994-16D65FD18945} = {47505C63-0A43-43D5-8BB0-5AEDC8F6843A}
		{B97C7430-C0F7-40A7-B0DF-A2C72AD1907F} = {DD69D960-8644-4FD5-9A0B-2373F65CF359}
		{6D8CFFA4-B1C4-4AD8-9760-4498937C4A85} = {47505C63-0A43-43D5-8BB0-5AEDC8F6843A}
	EndGlobalSection
	GlobalSection(ExtensibilityGlobals) = postSolution
		SolutionGuid = {272DE569-D014-4C8C-9F01-E67A12344358}
	EndGlobalSection
EndGlobal
